# THIS IS AN AUTOGENERATED FILE. DO NOT EDIT THIS FILE DIRECTLY.
# yarn lockfile v1


"@orchidjs/sifter@^0.9.1":
  version "0.9.1"
  resolved "https://registry.yarnpkg.com/@orchidjs/sifter/-/sifter-0.9.1.tgz#20580cb75bcc1de3c9b9c021e0e546eb59ff2813"
  integrity sha512-bdW8vKTlWXfoAvUud0a4OeVPrtdvHH8gTshKqndzxAI6bXGPBejgry2wvIz0OZOqOuWuFAJWgNCjq/6S85U77A==

"@popperjs/core@^2.11.2":
  version "2.11.5"
  resolved "https://registry.yarnpkg.com/@popperjs/core/-/core-2.11.5.tgz#db5a11bf66bdab39569719555b0f76e138d7bd64"
  integrity sha512-9X2obfABZuDVLCgPK9aX0a/x4jaOEweTTWE2+9sr0Qqqevj2Uv5XorvusThmc9XGYpS9yI+fhh8RTafBtGposw==

bootstrap@^5.1.3:
  version "5.1.3"
  resolved "https://registry.yarnpkg.com/bootstrap/-/bootstrap-5.1.3.tgz#ba081b0c130f810fa70900acbc1c6d3c28fa8f34"
  integrity sha512-fcQztozJ8jToQWXxVuEyXWW+dSo8AiXWKwiSSrKWsRB/Qt+Ewwza+JWoLKiTuQLaEPhdNAJ7+Dosc9DOIqNy7Q==

tom-select@^2.0.1:
  version "2.0.2"
  resolved "https://registry.yarnpkg.com/tom-select/-/tom-select-2.0.2.tgz#c2829cd17d996694aa3bc9e43a046c4951bd01d1"
  integrity sha512-C78Ckq+r9B6lbIYSwV3R+6FPDCjRs49Wam+eaARnPxcekJI4SR78KKpb4QSg62y5mWYpKkxjKVZhslxZWIw6aQ==
  dependencies:
    "@orchidjs/sifter" "^0.9.1"
